<?xml version="1.0" encoding="utf-8"?>
<Project ToolsVersion="4.0" xmlns="http://schemas.microsoft.com/developer/msbuild/2003">
  <ItemGroup>
    <Filter Include="Source Files">
      <UniqueIdentifier>{4FC737F1-C7A5-4376-A066-2A32D752A2FF}</UniqueIdentifier>
      <Extensions>cpp;c;cc;cxx;c++;cppm;ixx;def;odl;idl;hpj;bat;asm;asmx</Extensions>
    </Filter>
    <Filter Include="Header Files">
      <UniqueIdentifier>{93995380-89BD-4b04-88EB-625FBE52EBFB}</UniqueIdentifier>
      <Extensions>h;hh;hpp;hxx;h++;hm;inl;inc;ipp;xsd</Extensions>
    </Filter>
    <Filter Include="Resource Files">
      <UniqueIdentifier>{67DA6AB6-F800-4c08-8B7A-83BB121AAD01}</UniqueIdentifier>
      <Extensions>rc;ico;cur;bmp;dlg;rc2;rct;bin;rgs;gif;jpg;jpeg;jpe;resx;tiff;tif;png;wav;mfcribbon-ms</Extensions>
    </Filter>
  </ItemGroup>
  <ItemGroup>
    <ClCompile Include="MyForm.cpp">
      <Filter>Source Files</Filter>
    </ClCompile>
    <ClCompile Include="Mcdonalds.cpp">
      <Filter>Header Files</Filter>
    </ClCompile>
    <ClCompile Include="checkoutMcdonalds.cpp">
      <Filter>Header Files</Filter>
    </ClCompile>
    <ClCompile Include="BurgerkingCheckout.cpp">
      <Filter>Header Files</Filter>
    </ClCompile>
    <ClCompile Include="chipolteCheckout.cpp">
      <Filter>Header Files</Filter>
    </ClCompile>
    <ClCompile Include="qudobaCheckout.cpp">
      <Filter>Header Files</Filter>
    </ClCompile>
    <ClCompile Include="FoodProjectCode\Chipotle.cpp">
      <Filter>Source Files</Filter>
    </ClCompile>
    <ClCompile Include="FoodProjectCode\King.cpp">
      <Filter>Source Files</Filter>
    </ClCompile>
    <ClCompile Include="FoodProjectCode\Qudoba.cpp">
      <Filter>Source Files</Filter>
    </ClCompile>
    <ClCompile Include="FoodProjectCode\Source.cpp">
      <Filter>Source Files</Filter>
    </ClCompile>
    <ClCompile Include="FoodProjectCode\Store.cpp">
      <Filter>Source Files</Filter>
    </ClCompile>
  </ItemGroup>
  <ItemGroup>
    <ClInclude Include="MyForm.h">
      <Filter>Header Files</Filter>
    </ClInclude>
    <ClInclude Include="checkoutMcdonalds.h">
      <Filter>Header Files</Filter>
    </ClInclude>
    <ClInclude Include="BurgerkingCheckout.h">
      <Filter>Header Files</Filter>
    </ClInclude>
    <ClInclude Include="chipolteCheckout.h">
      <Filter>Header Files</Filter>
    </ClInclude>
    <ClInclude Include="qudobaCheckout.h">
      <Filter>Header Files</Filter>
    </ClInclude>
    <ClInclude Include="FoodProjectCode\Chipotle.h">
      <Filter>Source Files</Filter>
    </ClInclude>
    <ClInclude Include="FoodProjectCode\King.h">
      <Filter>Source Files</Filter>
    </ClInclude>
    <ClInclude Include="FoodProjectCode\Qudoba.h">
      <Filter>Source Files</Filter>
    </ClInclude>
    <ClInclude Include="FoodProjectCode\Store.h">
      <Filter>Source Files</Filter>
    </ClInclude>
  </ItemGroup>
  <ItemGroup>
    <Image Include="..\..\..\..\Pictures\Saved Pictures\mcdonalds.jpeg">
      <Filter>Source Files</Filter>
    </Image>
    <Image Include="..\..\..\..\Pictures\Saved Pictures\Chipotle.jpg">
      <Filter>Source Files</Filter>
    </Image>
    <Image Include="..\..\..\..\Pictures\Saved Pictures\BurgerKing_Lead.jpg">
      <Filter>Source Files</Filter>
    </Image>
    <Image Include="..\..\..\..\Pictures\Saved Pictures\qodoba.png">
      <Filter>Source Files</Filter>
    </Image>
  </ItemGroup>
  <ItemGroup>
    <None Include="FoodProjectCode\food project.vcxproj">
      <Filter>Source Files</Filter>
    </None>
    <None Include="FoodProjectCode\food project.vcxproj.filters">
      <Filter>Source Files</Filter>
    </None>
    <None Include="FoodProjectCode\food project.vcxproj.user">
      <Filter>Source Files</Filter>
    </None>
  </ItemGroup>
</Project>